
Microsoft Visual Studio Solution File, Format Version 12.00
# Visual Studio 2015
Project("{FAE04EC0-301F-11D3-BF4B-00C04F79EFBC}") = "CopyCat 2D Demo.Plugins", "CopyCat 2D Demo.Plugins.csproj", "{795012ED-9458-AF89-C698-07688B4AB449}"
EndProject
Project("{FAE04EC0-301F-11D3-BF4B-00C04F79EFBC}") = "CopyCat 2D Demo", "CopyCat 2D Demo.csproj", "{D8F57316-88EC-43AA-D700-4CB1780C8450}"
EndProject
Project("{FAE04EC0-301F-11D3-BF4B-00C04F79EFBC}") = "CopyCat 2D Demo.Editor.Plugins", "CopyCat 2D Demo.Editor.Plugins.csproj", "{1C8F53BC-916E-871E-193B-870E37CF78CC}"
EndProject
Global
	GlobalSection(SolutionConfigurationPlatforms) = preSolution
		Debug|Any CPU = Debug|Any CPU
		Release|Any CPU = Release|Any CPU
	EndGlobalSection
	GlobalSection(ProjectConfigurationPlatforms) = postSolution
		{795012ED-9458-AF89-C698-07688B4AB449}.Debug|Any CPU.ActiveCfg = Debug|Any CPU
		{795012ED-9458-AF89-C698-07688B4AB449}.Debug|Any CPU.Build.0 = Debug|Any CPU
		{795012ED-9458-AF89-C698-07688B4AB449}.Release|Any CPU.ActiveCfg = Release|Any CPU
		{795012ED-9458-AF89-C698-07688B4AB449}.Release|Any CPU.Build.0 = Release|Any CPU
		{D8F57316-88EC-43AA-D700-4CB1780C8450}.Debug|Any CPU.ActiveCfg = Debug|Any CPU
		{D8F57316-88EC-43AA-D700-4CB1780C8450}.Debug|Any CPU.Build.0 = Debug|Any CPU
		{D8F57316-88EC-43AA-D700-4CB1780C8450}.Release|Any CPU.ActiveCfg = Release|Any CPU
		{D8F57316-88EC-43AA-D700-4CB1780C8450}.Release|Any CPU.Build.0 = Release|Any CPU
		{1C8F53BC-916E-871E-193B-870E37CF78CC}.Debug|Any CPU.ActiveCfg = Debug|Any CPU
		{1C8F53BC-916E-871E-193B-870E37CF78CC}.Debug|Any CPU.Build.0 = Debug|Any CPU
		{1C8F53BC-916E-871E-193B-870E37CF78CC}.Release|Any CPU.ActiveCfg = Release|Any CPU
		{1C8F53BC-916E-871E-193B-870E37CF78CC}.Release|Any CPU.Build.0 = Release|Any CPU
	EndGlobalSection
	GlobalSection(SolutionProperties) = preSolution
		HideSolutionNode = FALSE
	EndGlobalSection
EndGlobal
